// !$*UTF8*$!
{
	archiveVersion = 1;
	classes = {
	};
	objectVersion = 46;
	objects = {
/* Begin PBXBuildFile section */
		0207DA581B56EA530066E2B4 /* Images.xcassets in Resources */ = {isa = PBXBuildFile; fileRef = 0207DA571B56EA530066E2B4 /* Images.xcassets */; };
		1D3623260D0F684500981E51 /* AppDelegate.m in Sources */ = {isa = PBXBuildFile; fileRef = 1D3623250D0F684500981E51 /* AppDelegate.m */; };
		1D60589B0D05DD56006BFB54 /* main.m in Sources */ = {isa = PBXBuildFile; fileRef = 29B97316FDCFA39411CA2CEA /* main.m */; };
		301BF552109A68D80062928A /* libCordova.a in Frameworks */ = {isa = PBXBuildFile; fileRef = 301BF535109A57CC0062928A /* libCordova.a */; };
		302D95F114D2391D003F00A1 /* MainViewController.m in Sources */ = {isa = PBXBuildFile; fileRef = 302D95EF14D2391D003F00A1 /* MainViewController.m */; };
		302D95F214D2391D003F00A1 /* MainViewController.xib in Resources */ = {isa = PBXBuildFile; fileRef = 302D95F014D2391D003F00A1 /* MainViewController.xib */; };
		3047A5121AB8059700498E2A /* build-debug.xcconfig in Resources */ = {isa = PBXBuildFile; fileRef = 3047A50F1AB8059700498E2A /* build-debug.xcconfig */; };
		3047A5131AB8059700498E2A /* build-release.xcconfig in Resources */ = {isa = PBXBuildFile; fileRef = 3047A5101AB8059700498E2A /* build-release.xcconfig */; };
		3047A5141AB8059700498E2A /* build.xcconfig in Resources */ = {isa = PBXBuildFile; fileRef = 3047A5111AB8059700498E2A /* build.xcconfig */; };
		6AFF5BF91D6E424B00AB3073 /* CDVLaunchScreen.storyboard in Resources */ = {isa = PBXBuildFile; fileRef = 6AFF5BF81D6E424B00AB3073 /* CDVLaunchScreen.storyboard */; };
		C7CF1BCD54EF4146A166B2AC /* HCPPlugin.m in Sources */ = {isa = PBXBuildFile; fileRef = 085AC163214948A897985365 /* HCPPlugin.m */; };
		59AF238E5FBA41FAB39E89AD /* HCPApplicationConfig.m in Sources */ = {isa = PBXBuildFile; fileRef = 4295BA9D1D214DD1864866E0 /* HCPApplicationConfig.m */; };
		C9F11B692F11414FB9726750 /* HCPContentConfig.m in Sources */ = {isa = PBXBuildFile; fileRef = BA0A2AEF0EBE4512AF313D4D /* HCPContentConfig.m */; };
		09FA327E49B946E6A17ECB25 /* HCPContentManifest.m in Sources */ = {isa = PBXBuildFile; fileRef = 57FE047BDAF44B1C94709CD5 /* HCPContentManifest.m */; };
		1A4591D63C5E4D73BE82696F /* HCPPluginInternalPreferences.m in Sources */ = {isa = PBXBuildFile; fileRef = 6109A09D776E407195DF2AF6 /* HCPPluginInternalPreferences.m */; };
		58A6305A3C8E4541A6942E93 /* HCPXmlConfig.m in Sources */ = {isa = PBXBuildFile; fileRef = 6CF83D16FD5A49C3BFB125F9 /* HCPXmlConfig.m */; };
		D3C7A008890749B1A9D07C64 /* HCPXmlTags.m in Sources */ = {isa = PBXBuildFile; fileRef = 950B5320F97140F8A39E0786 /* HCPXmlTags.m */; };
		9FD9849D000740E99D831EC1 /* HCPXmlConfigParser.m in Sources */ = {isa = PBXBuildFile; fileRef = 18C26041689546488B8E910D /* HCPXmlConfigParser.m */; };
		3532B15170414EC5A9E379D0 /* HCPEvents.m in Sources */ = {isa = PBXBuildFile; fileRef = 5898AA82C0B94271915915E5 /* HCPEvents.m */; };
		78B49E5B79BD42DBB73E7F85 /* CDVPluginResult+HCPEvents.m in Sources */ = {isa = PBXBuildFile; fileRef = 3455AB837CB944A0AD73C588 /* CDVPluginResult+HCPEvents.m */; };
		B7CA024B7A1C483EB90ACC8E /* HCPFilesStructure.m in Sources */ = {isa = PBXBuildFile; fileRef = F2161CB7001446F5AB31D59E /* HCPFilesStructure.m */; };
		92551E865BE847E08C447653 /* HCPManifestDiff.m in Sources */ = {isa = PBXBuildFile; fileRef = 0A8F1E54837140D48186CB2E /* HCPManifestDiff.m */; };
		11A2385CF61E4376B7408776 /* HCPManifestFile.m in Sources */ = {isa = PBXBuildFile; fileRef = 699B225D030047A7BFE23A30 /* HCPManifestFile.m */; };
		26B2ADC8592248A287FF3448 /* HCPFileDownloader.m in Sources */ = {isa = PBXBuildFile; fileRef = 1ADB65F72E8B458287C38F84 /* HCPFileDownloader.m */; };
		FF2397FA46A24C49A6FB7F2E /* HCPDataDownloader.m in Sources */ = {isa = PBXBuildFile; fileRef = A8F415CC8D634B9782FAFAEC /* HCPDataDownloader.m */; };
		0BE323A81F4D44F7ABDEB8F4 /* HCPApplicationConfigStorage.m in Sources */ = {isa = PBXBuildFile; fileRef = 4C6136C09E1A495DA0887D06 /* HCPApplicationConfigStorage.m */; };
		BA044160992D42CC8DDB09F5 /* HCPConfigStorageImpl.m in Sources */ = {isa = PBXBuildFile; fileRef = AA580A7009E54AD685DCC2F6 /* HCPConfigStorageImpl.m */; };
		54D974C93CD940C1A5116A75 /* HCPContentManifestStorage.m in Sources */ = {isa = PBXBuildFile; fileRef = 52371B1A20484C46BF09952D /* HCPContentManifestStorage.m */; };
		6A1D5FF9E227403F849C35C9 /* HCPPluginInternalPreferences+UserDefaults.m in Sources */ = {isa = PBXBuildFile; fileRef = 8DAC86DCEA3044ACA3E4245C /* HCPPluginInternalPreferences+UserDefaults.m */; };
		A81464973E3E41CA8F7C1783 /* HCPFetchUpdateOptions.m in Sources */ = {isa = PBXBuildFile; fileRef = E3AD955925994EA0B19B9A1E /* HCPFetchUpdateOptions.m */; };
		C7AA348B55FB4B5EA257237C /* HCPInstallationWorker.m in Sources */ = {isa = PBXBuildFile; fileRef = 614291B08E1146A28D96A9FA /* HCPInstallationWorker.m */; };
		C347C7B609704088AED3FE80 /* HCPUpdateInstaller.m in Sources */ = {isa = PBXBuildFile; fileRef = D725FFDDE92A4468859ADE98 /* HCPUpdateInstaller.m */; };
		19B51D47733245E9B2E8F64A /* HCPUpdateLoader.m in Sources */ = {isa = PBXBuildFile; fileRef = 37BA4DDC5A184A03B0E89881 /* HCPUpdateLoader.m */; };
		01C1F676A94A433994E16F3A /* HCPUpdateLoaderWorker.m in Sources */ = {isa = PBXBuildFile; fileRef = 45A706D543694C7BAD52BB05 /* HCPUpdateLoaderWorker.m */; };
		93999B6C539A4EB49A6CC06F /* HCPUpdateRequest.m in Sources */ = {isa = PBXBuildFile; fileRef = 8DF33CFC19964BFFB6ABD48D /* HCPUpdateRequest.m */; };
		3D9322B1BBCC4A70B81EDA9B /* HCPCleanupHelper.m in Sources */ = {isa = PBXBuildFile; fileRef = 7686B2C96E524AAB9B9F0362 /* HCPCleanupHelper.m */; };
		04D5BB61BAB6411ABA87A360 /* NSBundle+HCPExtension.m in Sources */ = {isa = PBXBuildFile; fileRef = 57A4FCF8ECB447D1947B1204 /* NSBundle+HCPExtension.m */; };
		AF5751BFE420491982E5E2CF /* NSData+HCPMD5.m in Sources */ = {isa = PBXBuildFile; fileRef = 877D5E3A9C234EA6A80A9272 /* NSData+HCPMD5.m */; };
		E0D94CD52A1F4E08A6AAB525 /* NSError+HCPExtension.m in Sources */ = {isa = PBXBuildFile; fileRef = 9B604EB22F684D7AB675CE5C /* NSError+HCPExtension.m */; };
		E32AF640170848A9A39174C1 /* NSFileManager+HCPExtension.m in Sources */ = {isa = PBXBuildFile; fileRef = 20E7FA9F09A84FCD811CA6D7 /* NSFileManager+HCPExtension.m */; };
		11C872328F9147B9983DCDAD /* NSJSONSerialization+HCPExtension.m in Sources */ = {isa = PBXBuildFile; fileRef = 7A2218FDAD5D45D0B8CC5D91 /* NSJSONSerialization+HCPExtension.m */; };
		DE993E3029B143BCBB24311A /* HCPAppUpdateRequestAlertDialog.m in Sources */ = {isa = PBXBuildFile; fileRef = F8B1A0F7F12E44078788F178 /* HCPAppUpdateRequestAlertDialog.m */; };
		38192FB5C355414DA84D3B15 /* HCPAssetsFolderHelper.m in Sources */ = {isa = PBXBuildFile; fileRef = 9B7BFAC5D2EB4614AC23AE73 /* HCPAssetsFolderHelper.m */; };
		7708E13422E1414284BABC14 /* CDVWKWebViewEngine+HCPPlugin_ReadAccessURL.m in Sources */ = {isa = PBXBuildFile; fileRef = B3C1E1950FA94480895DFED0 /* CDVWKWebViewEngine+HCPPlugin_ReadAccessURL.m */; };
/* End PBXBuildFile section */

/* Begin PBXContainerItemProxy section */
		301BF534109A57CC0062928A /* PBXContainerItemProxy */ = {
			isa = PBXContainerItemProxy;
			containerPortal = 301BF52D109A57CC0062928A /* CordovaLib.xcodeproj */;
			proxyType = 2;
			remoteGlobalIDString = D2AAC07E0554694100DB518D;
			remoteInfo = CordovaLib;
		};
		301BF550109A68C00062928A /* PBXContainerItemProxy */ = {
			isa = PBXContainerItemProxy;
			containerPortal = 301BF52D109A57CC0062928A /* CordovaLib.xcodeproj */;
			proxyType = 1;
			remoteGlobalIDString = D2AAC07D0554694100DB518D;
			remoteInfo = CordovaLib;
		};
/* End PBXContainerItemProxy section */

/* Begin PBXFileReference section */
		0207DA571B56EA530066E2B4 /* Images.xcassets */ = {isa = PBXFileReference; lastKnownFileType = folder.assetcatalog; name = Images.xcassets; path = "ylable/Images.xcassets"; sourceTree = SOURCE_ROOT; };
		1D3623240D0F684500981E51 /* AppDelegate.h */ = {isa = PBXFileReference; fileEncoding = 4; lastKnownFileType = sourcecode.c.h; path = AppDelegate.h; sourceTree = "<group>"; };
		1D3623250D0F684500981E51 /* AppDelegate.m */ = {isa = PBXFileReference; fileEncoding = 4; lastKnownFileType = sourcecode.c.objc; path = AppDelegate.m; sourceTree = "<group>"; };
		1D6058910D05DD3D006BFB54 /* ylable.app */ = {isa = PBXFileReference; explicitFileType = wrapper.application; includeInIndex = 0; path = "ylable.app"; sourceTree = BUILT_PRODUCTS_DIR; };
		29B97316FDCFA39411CA2CEA /* main.m */ = {isa = PBXFileReference; fileEncoding = 4; lastKnownFileType = sourcecode.c.objc; path = main.m; sourceTree = "<group>"; };
		301BF52D109A57CC0062928A /* CordovaLib.xcodeproj */ = {isa = PBXFileReference; lastKnownFileType = "wrapper.pb-project"; path = CordovaLib/CordovaLib.xcodeproj; sourceTree = "<group>"; };
		301BF56E109A69640062928A /* www */ = {isa = PBXFileReference; lastKnownFileType = folder; path = www; sourceTree = SOURCE_ROOT; };
		302D95EE14D2391D003F00A1 /* MainViewController.h */ = {isa = PBXFileReference; fileEncoding = 4; lastKnownFileType = sourcecode.c.h; path = MainViewController.h; sourceTree = "<group>"; };
		302D95EF14D2391D003F00A1 /* MainViewController.m */ = {isa = PBXFileReference; fileEncoding = 4; lastKnownFileType = sourcecode.c.objc; path = MainViewController.m; sourceTree = "<group>"; };
		302D95F014D2391D003F00A1 /* MainViewController.xib */ = {isa = PBXFileReference; fileEncoding = 4; lastKnownFileType = file.xib; path = MainViewController.xib; sourceTree = "<group>"; };
		3047A50F1AB8059700498E2A /* build-debug.xcconfig */ = {isa = PBXFileReference; fileEncoding = 4; lastKnownFileType = text.xcconfig; name = "build-debug.xcconfig"; path = cordova/build-debug.xcconfig; sourceTree = SOURCE_ROOT; };
		3047A5101AB8059700498E2A /* build-release.xcconfig */ = {isa = PBXFileReference; fileEncoding = 4; lastKnownFileType = text.xcconfig; name = "build-release.xcconfig"; path = cordova/build-release.xcconfig; sourceTree = SOURCE_ROOT; };
		3047A5111AB8059700498E2A /* build.xcconfig */ = {isa = PBXFileReference; fileEncoding = 4; lastKnownFileType = text.xcconfig; name = build.xcconfig; path = cordova/build.xcconfig; sourceTree = SOURCE_ROOT; };
		32CA4F630368D1EE00C91783 /* ylable-Prefix.pch */ = {isa = PBXFileReference; fileEncoding = 4; lastKnownFileType = sourcecode.c.h; path = "ylable-Prefix.pch"; sourceTree = "<group>"; };
		6AFF5BF81D6E424B00AB3073 /* CDVLaunchScreen.storyboard */ = {isa = PBXFileReference; fileEncoding = 4; lastKnownFileType = file.storyboard; name = CDVLaunchScreen.storyboard; path = "ylable/CDVLaunchScreen.storyboard"; sourceTree = SOURCE_ROOT; };
		8D1107310486CEB800E47090 /* ylable-Info.plist */ = {isa = PBXFileReference; fileEncoding = 4; lastKnownFileType = text.plist.xml; name = "ylable-Info.plist"; path = "ylable/ylable-Info.plist"; plistStructureDefinitionIdentifier = "com.apple.xcode.plist.structure-definition.iphone.info-plist"; sourceTree = SOURCE_ROOT; };
		EB87FDF31871DA8E0020F90C /* www */ = {isa = PBXFileReference; lastKnownFileType = folder; name = www; path = ../../www; sourceTree = "<group>"; };
		EB87FDF41871DAF40020F90C /* config.xml */ = {isa = PBXFileReference; lastKnownFileType = text.xml; name = config.xml; path = ../../config.xml; sourceTree = "<group>"; };
		F840E1F0165FE0F500CFE078 /* config.xml */ = {isa = PBXFileReference; lastKnownFileType = text.xml; name = config.xml; path = "ylable/config.xml"; sourceTree = "<group>"; };
		ED33DF2A687741AEAF9F8254 /* Bridging-Header.h */ = {isa = PBXFileReference; fileEncoding = 4; lastKnownFileType = sourcecode.c.h; name = "Bridging-Header.h"; path = "Bridging-Header.h"; sourceTree = "<group>"; };
		085AC163214948A897985365 /* HCPPlugin.m */ = {isa = PBXFileReference; name = "HCPPlugin.m"; path = "cordova-hot-code-push-plugin/HCPPlugin.m"; sourceTree = "<group>"; fileEncoding = 4; lastKnownFileType = sourcecode.c.objc; explicitFileType = undefined; includeInIndex = 0; };
		4295BA9D1D214DD1864866E0 /* HCPApplicationConfig.m */ = {isa = PBXFileReference; name = "HCPApplicationConfig.m"; path = "cordova-hot-code-push-plugin/Config/HCPApplicationConfig.m"; sourceTree = "<group>"; fileEncoding = 4; lastKnownFileType = sourcecode.c.objc; explicitFileType = undefined; includeInIndex = 0; };
		BA0A2AEF0EBE4512AF313D4D /* HCPContentConfig.m */ = {isa = PBXFileReference; name = "HCPContentConfig.m"; path = "cordova-hot-code-push-plugin/Config/HCPContentConfig.m"; sourceTree = "<group>"; fileEncoding = 4; lastKnownFileType = sourcecode.c.objc; explicitFileType = undefined; includeInIndex = 0; };
		57FE047BDAF44B1C94709CD5 /* HCPContentManifest.m */ = {isa = PBXFileReference; name = "HCPContentManifest.m"; path = "cordova-hot-code-push-plugin/Config/HCPContentManifest.m"; sourceTree = "<group>"; fileEncoding = 4; lastKnownFileType = sourcecode.c.objc; explicitFileType = undefined; includeInIndex = 0; };
		6109A09D776E407195DF2AF6 /* HCPPluginInternalPreferences.m */ = {isa = PBXFileReference; name = "HCPPluginInternalPreferences.m"; path = "cordova-hot-code-push-plugin/Config/HCPPluginInternalPreferences.m"; sourceTree = "<group>"; fileEncoding = 4; lastKnownFileType = sourcecode.c.objc; explicitFileType = undefined; includeInIndex = 0; };
		6CF83D16FD5A49C3BFB125F9 /* HCPXmlConfig.m */ = {isa = PBXFileReference; name = "HCPXmlConfig.m"; path = "cordova-hot-code-push-plugin/Config/HCPXmlConfig.m"; sourceTree = "<group>"; fileEncoding = 4; lastKnownFileType = sourcecode.c.objc; explicitFileType = undefined; includeInIndex = 0; };
		950B5320F97140F8A39E0786 /* HCPXmlTags.m */ = {isa = PBXFileReference; name = "HCPXmlTags.m"; path = "cordova-hot-code-push-plugin/Config/HCPXmlTags.m"; sourceTree = "<group>"; fileEncoding = 4; lastKnownFileType = sourcecode.c.objc; explicitFileType = undefined; includeInIndex = 0; };
		18C26041689546488B8E910D /* HCPXmlConfigParser.m */ = {isa = PBXFileReference; name = "HCPXmlConfigParser.m"; path = "cordova-hot-code-push-plugin/Config/HCPXmlConfigParser.m"; sourceTree = "<group>"; fileEncoding = 4; lastKnownFileType = sourcecode.c.objc; explicitFileType = undefined; includeInIndex = 0; };
		5898AA82C0B94271915915E5 /* HCPEvents.m */ = {isa = PBXFileReference; name = "HCPEvents.m"; path = "cordova-hot-code-push-plugin/Events/HCPEvents.m"; sourceTree = "<group>"; fileEncoding = 4; lastKnownFileType = sourcecode.c.objc; explicitFileType = undefined; includeInIndex = 0; };
		3455AB837CB944A0AD73C588 /* CDVPluginResult+HCPEvents.m */ = {isa = PBXFileReference; name = "CDVPluginResult+HCPEvents.m"; path = "cordova-hot-code-push-plugin/JS/CDVPluginResult+HCPEvents.m"; sourceTree = "<group>"; fileEncoding = 4; lastKnownFileType = sourcecode.c.objc; explicitFileType = undefined; includeInIndex = 0; };
		F2161CB7001446F5AB31D59E /* HCPFilesStructure.m */ = {isa = PBXFileReference; name = "HCPFilesStructure.m"; path = "cordova-hot-code-push-plugin/Model/HCPFilesStructure.m"; sourceTree = "<group>"; fileEncoding = 4; lastKnownFileType = sourcecode.c.objc; explicitFileType = undefined; includeInIndex = 0; };
		0A8F1E54837140D48186CB2E /* HCPManifestDiff.m */ = {isa = PBXFileReference; name = "HCPManifestDiff.m"; path = "cordova-hot-code-push-plugin/Model/HCPManifestDiff.m"; sourceTree = "<group>"; fileEncoding = 4; lastKnownFileType = sourcecode.c.objc; explicitFileType = undefined; includeInIndex = 0; };
		699B225D030047A7BFE23A30 /* HCPManifestFile.m */ = {isa = PBXFileReference; name = "HCPManifestFile.m"; path = "cordova-hot-code-push-plugin/Model/HCPManifestFile.m"; sourceTree = "<group>"; fileEncoding = 4; lastKnownFileType = sourcecode.c.objc; explicitFileType = undefined; includeInIndex = 0; };
		1ADB65F72E8B458287C38F84 /* HCPFileDownloader.m */ = {isa = PBXFileReference; name = "HCPFileDownloader.m"; path = "cordova-hot-code-push-plugin/Network/HCPFileDownloader.m"; sourceTree = "<group>"; fileEncoding = 4; lastKnownFileType = sourcecode.c.objc; explicitFileType = undefined; includeInIndex = 0; };
		A8F415CC8D634B9782FAFAEC /* HCPDataDownloader.m */ = {isa = PBXFileReference; name = "HCPDataDownloader.m"; path = "cordova-hot-code-push-plugin/Network/HCPDataDownloader.m"; sourceTree = "<group>"; fileEncoding = 4; lastKnownFileType = sourcecode.c.objc; explicitFileType = undefined; includeInIndex = 0; };
		4C6136C09E1A495DA0887D06 /* HCPApplicationConfigStorage.m */ = {isa = PBXFileReference; name = "HCPApplicationConfigStorage.m"; path = "cordova-hot-code-push-plugin/Storage/HCPApplicationConfigStorage.m"; sourceTree = "<group>"; fileEncoding = 4; lastKnownFileType = sourcecode.c.objc; explicitFileType = undefined; includeInIndex = 0; };
		AA580A7009E54AD685DCC2F6 /* HCPConfigStorageImpl.m */ = {isa = PBXFileReference; name = "HCPConfigStorageImpl.m"; path = "cordova-hot-code-push-plugin/Storage/HCPConfigStorageImpl.m"; sourceTree = "<group>"; fileEncoding = 4; lastKnownFileType = sourcecode.c.objc; explicitFileType = undefined; includeInIndex = 0; };
		52371B1A20484C46BF09952D /* HCPContentManifestStorage.m */ = {isa = PBXFileReference; name = "HCPContentManifestStorage.m"; path = "cordova-hot-code-push-plugin/Storage/HCPContentManifestStorage.m"; sourceTree = "<group>"; fileEncoding = 4; lastKnownFileType = sourcecode.c.objc; explicitFileType = undefined; includeInIndex = 0; };
		8DAC86DCEA3044ACA3E4245C /* HCPPluginInternalPreferences+UserDefaults.m */ = {isa = PBXFileReference; name = "HCPPluginInternalPreferences+UserDefaults.m"; path = "cordova-hot-code-push-plugin/Storage/HCPPluginInternalPreferences+UserDefaults.m"; sourceTree = "<group>"; fileEncoding = 4; lastKnownFileType = sourcecode.c.objc; explicitFileType = undefined; includeInIndex = 0; };
		E3AD955925994EA0B19B9A1E /* HCPFetchUpdateOptions.m */ = {isa = PBXFileReference; name = "HCPFetchUpdateOptions.m"; path = "cordova-hot-code-push-plugin/Updater/HCPFetchUpdateOptions.m"; sourceTree = "<group>"; fileEncoding = 4; lastKnownFileType = sourcecode.c.objc; explicitFileType = undefined; includeInIndex = 0; };
		614291B08E1146A28D96A9FA /* HCPInstallationWorker.m */ = {isa = PBXFileReference; name = "HCPInstallationWorker.m"; path = "cordova-hot-code-push-plugin/Updater/HCPInstallationWorker.m"; sourceTree = "<group>"; fileEncoding = 4; lastKnownFileType = sourcecode.c.objc; explicitFileType = undefined; includeInIndex = 0; };
		D725FFDDE92A4468859ADE98 /* HCPUpdateInstaller.m */ = {isa = PBXFileReference; name = "HCPUpdateInstaller.m"; path = "cordova-hot-code-push-plugin/Updater/HCPUpdateInstaller.m"; sourceTree = "<group>"; fileEncoding = 4; lastKnownFileType = sourcecode.c.objc; explicitFileType = undefined; includeInIndex = 0; };
		37BA4DDC5A184A03B0E89881 /* HCPUpdateLoader.m */ = {isa = PBXFileReference; name = "HCPUpdateLoader.m"; path = "cordova-hot-code-push-plugin/Updater/HCPUpdateLoader.m"; sourceTree = "<group>"; fileEncoding = 4; lastKnownFileType = sourcecode.c.objc; explicitFileType = undefined; includeInIndex = 0; };
		45A706D543694C7BAD52BB05 /* HCPUpdateLoaderWorker.m */ = {isa = PBXFileReference; name = "HCPUpdateLoaderWorker.m"; path = "cordova-hot-code-push-plugin/Updater/HCPUpdateLoaderWorker.m"; sourceTree = "<group>"; fileEncoding = 4; lastKnownFileType = sourcecode.c.objc; explicitFileType = undefined; includeInIndex = 0; };
		8DF33CFC19964BFFB6ABD48D /* HCPUpdateRequest.m */ = {isa = PBXFileReference; name = "HCPUpdateRequest.m"; path = "cordova-hot-code-push-plugin/Updater/HCPUpdateRequest.m"; sourceTree = "<group>"; fileEncoding = 4; lastKnownFileType = sourcecode.c.objc; explicitFileType = undefined; includeInIndex = 0; };
		7686B2C96E524AAB9B9F0362 /* HCPCleanupHelper.m */ = {isa = PBXFileReference; name = "HCPCleanupHelper.m"; path = "cordova-hot-code-push-plugin/Utils/HCPCleanupHelper.m"; sourceTree = "<group>"; fileEncoding = 4; lastKnownFileType = sourcecode.c.objc; explicitFileType = undefined; includeInIndex = 0; };
		57A4FCF8ECB447D1947B1204 /* NSBundle+HCPExtension.m */ = {isa = PBXFileReference; name = "NSBundle+HCPExtension.m"; path = "cordova-hot-code-push-plugin/Utils/NSBundle+HCPExtension.m"; sourceTree = "<group>"; fileEncoding = 4; lastKnownFileType = sourcecode.c.objc; explicitFileType = undefined; includeInIndex = 0; };
		877D5E3A9C234EA6A80A9272 /* NSData+HCPMD5.m */ = {isa = PBXFileReference; name = "NSData+HCPMD5.m"; path = "cordova-hot-code-push-plugin/Utils/NSData+HCPMD5.m"; sourceTree = "<group>"; fileEncoding = 4; lastKnownFileType = sourcecode.c.objc; explicitFileType = undefined; includeInIndex = 0; };
		9B604EB22F684D7AB675CE5C /* NSError+HCPExtension.m */ = {isa = PBXFileReference; name = "NSError+HCPExtension.m"; path = "cordova-hot-code-push-plugin/Utils/NSError+HCPExtension.m"; sourceTree = "<group>"; fileEncoding = 4; lastKnownFileType = sourcecode.c.objc; explicitFileType = undefined; includeInIndex = 0; };
		20E7FA9F09A84FCD811CA6D7 /* NSFileManager+HCPExtension.m */ = {isa = PBXFileReference; name = "NSFileManager+HCPExtension.m"; path = "cordova-hot-code-push-plugin/Utils/NSFileManager+HCPExtension.m"; sourceTree = "<group>"; fileEncoding = 4; lastKnownFileType = sourcecode.c.objc; explicitFileType = undefined; includeInIndex = 0; };
		7A2218FDAD5D45D0B8CC5D91 /* NSJSONSerialization+HCPExtension.m */ = {isa = PBXFileReference; name = "NSJSONSerialization+HCPExtension.m"; path = "cordova-hot-code-push-plugin/Utils/NSJSONSerialization+HCPExtension.m"; sourceTree = "<group>"; fileEncoding = 4; lastKnownFileType = sourcecode.c.objc; explicitFileType = undefined; includeInIndex = 0; };
		F8B1A0F7F12E44078788F178 /* HCPAppUpdateRequestAlertDialog.m */ = {isa = PBXFileReference; name = "HCPAppUpdateRequestAlertDialog.m"; path = "cordova-hot-code-push-plugin/Utils/HCPAppUpdateRequestAlertDialog.m"; sourceTree = "<group>"; fileEncoding = 4; lastKnownFileType = sourcecode.c.objc; explicitFileType = undefined; includeInIndex = 0; };
		9B7BFAC5D2EB4614AC23AE73 /* HCPAssetsFolderHelper.m */ = {isa = PBXFileReference; name = "HCPAssetsFolderHelper.m"; path = "cordova-hot-code-push-plugin/Utils/HCPAssetsFolderHelper.m"; sourceTree = "<group>"; fileEncoding = 4; lastKnownFileType = sourcecode.c.objc; explicitFileType = undefined; includeInIndex = 0; };
		B3C1E1950FA94480895DFED0 /* CDVWKWebViewEngine+HCPPlugin_ReadAccessURL.m */ = {isa = PBXFileReference; name = "CDVWKWebViewEngine+HCPPlugin_ReadAccessURL.m"; path = "cordova-hot-code-push-plugin/WKWebViewFix/CDVWKWebViewEngine+HCPPlugin_ReadAccessURL.m"; sourceTree = "<group>"; fileEncoding = 4; lastKnownFileType = sourcecode.c.objc; explicitFileType = undefined; includeInIndex = 0; };
		27F158A446B14BABB7AFAD05 /* HCPPlugin.h */ = {isa = PBXFileReference; name = "HCPPlugin.h"; path = "cordova-hot-code-push-plugin/HCPPlugin.h"; sourceTree = "<group>"; fileEncoding = 4; lastKnownFileType = sourcecode.c.h; explicitFileType = undefined; includeInIndex = 0; };
		A814BF09CBC84F42B551A664 /* HCPApplicationConfig.h */ = {isa = PBXFileReference; name = "HCPApplicationConfig.h"; path = "cordova-hot-code-push-plugin/Config/HCPApplicationConfig.h"; sourceTree = "<group>"; fileEncoding = 4; lastKnownFileType = sourcecode.c.h; explicitFileType = undefined; includeInIndex = 0; };
		FC24CD2A9422408DA98E16DD /* HCPContentConfig.h */ = {isa = PBXFileReference; name = "HCPContentConfig.h"; path = "cordova-hot-code-push-plugin/Config/HCPContentConfig.h"; sourceTree = "<group>"; fileEncoding = 4; lastKnownFileType = sourcecode.c.h; explicitFileType = undefined; includeInIndex = 0; };
		FA6FB1A4E3F64A1DBB7499D0 /* HCPContentManifest.h */ = {isa = PBXFileReference; name = "HCPContentManifest.h"; path = "cordova-hot-code-push-plugin/Config/HCPContentManifest.h"; sourceTree = "<group>"; fileEncoding = 4; lastKnownFileType = sourcecode.c.h; explicitFileType = undefined; includeInIndex = 0; };
		C69ADD350E674C14B5BADEE2 /* HCPPluginInternalPreferences.h */ = {isa = PBXFileReference; name = "HCPPluginInternalPreferences.h"; path = "cordova-hot-code-push-plugin/Config/HCPPluginInternalPreferences.h"; sourceTree = "<group>"; fileEncoding = 4; lastKnownFileType = sourcecode.c.h; explicitFileType = undefined; includeInIndex = 0; };
		F3AF062EBC314B019E89CD4B /* HCPXmlConfig.h */ = {isa = PBXFileReference; name = "HCPXmlConfig.h"; path = "cordova-hot-code-push-plugin/Config/HCPXmlConfig.h"; sourceTree = "<group>"; fileEncoding = 4; lastKnownFileType = sourcecode.c.h; explicitFileType = undefined; includeInIndex = 0; };
		4EADCECD1BF24F30999EB1C4 /* HCPXmlTags.h */ = {isa = PBXFileReference; name = "HCPXmlTags.h"; path = "cordova-hot-code-push-plugin/Config/HCPXmlTags.h"; sourceTree = "<group>"; fileEncoding = 4; lastKnownFileType = sourcecode.c.h; explicitFileType = undefined; includeInIndex = 0; };
		4CABF67581F245EF8411CDCC /* HCPXmlConfigParser.h */ = {isa = PBXFileReference; name = "HCPXmlConfigParser.h"; path = "cordova-hot-code-push-plugin/Config/HCPXmlConfigParser.h"; sourceTree = "<group>"; fileEncoding = 4; lastKnownFileType = sourcecode.c.h; explicitFileType = undefined; includeInIndex = 0; };
		3474F5809815463986FF61B7 /* HCPEvents.h */ = {isa = PBXFileReference; name = "HCPEvents.h"; path = "cordova-hot-code-push-plugin/Events/HCPEvents.h"; sourceTree = "<group>"; fileEncoding = 4; lastKnownFileType = sourcecode.c.h; explicitFileType = undefined; includeInIndex = 0; };
		620BB035066D4D83B0D08327 /* CDVPluginResult+HCPEvents.h */ = {isa = PBXFileReference; name = "CDVPluginResult+HCPEvents.h"; path = "cordova-hot-code-push-plugin/JS/CDVPluginResult+HCPEvents.h"; sourceTree = "<group>"; fileEncoding = 4; lastKnownFileType = sourcecode.c.h; explicitFileType = undefined; includeInIndex = 0; };
		C18405CA30AA47EE8863EBC2 /* HCPFilesStructure.h */ = {isa = PBXFileReference; name = "HCPFilesStructure.h"; path = "cordova-hot-code-push-plugin/Model/HCPFilesStructure.h"; sourceTree = "<group>"; fileEncoding = 4; lastKnownFileType = sourcecode.c.h; explicitFileType = undefined; includeInIndex = 0; };
		0E142CBF980F4BABA437A829 /* HCPJsonConvertable.h */ = {isa = PBXFileReference; name = "HCPJsonConvertable.h"; path = "cordova-hot-code-push-plugin/Model/HCPJsonConvertable.h"; sourceTree = "<group>"; fileEncoding = 4; lastKnownFileType = sourcecode.c.h; explicitFileType = undefined; includeInIndex = 0; };
		B852C11B0FB744278E4B457F /* HCPManifestDiff.h */ = {isa = PBXFileReference; name = "HCPManifestDiff.h"; path = "cordova-hot-code-push-plugin/Model/HCPManifestDiff.h"; sourceTree = "<group>"; fileEncoding = 4; lastKnownFileType = sourcecode.c.h; explicitFileType = undefined; includeInIndex = 0; };
		C7962509E74E4656BFDE8EE8 /* HCPManifestFile.h */ = {isa = PBXFileReference; name = "HCPManifestFile.h"; path = "cordova-hot-code-push-plugin/Model/HCPManifestFile.h"; sourceTree = "<group>"; fileEncoding = 4; lastKnownFileType = sourcecode.c.h; explicitFileType = undefined; includeInIndex = 0; };
		5BB140383B3F4E2B8D3ABB7F /* HCPFileDownloader.h */ = {isa = PBXFileReference; name = "HCPFileDownloader.h"; path = "cordova-hot-code-push-plugin/Network/HCPFileDownloader.h"; sourceTree = "<group>"; fileEncoding = 4; lastKnownFileType = sourcecode.c.h; explicitFileType = undefined; includeInIndex = 0; };
		77280D8F9B1E4D45BEFBB57A /* HCPDataDownloader.h */ = {isa = PBXFileReference; name = "HCPDataDownloader.h"; path = "cordova-hot-code-push-plugin/Network/HCPDataDownloader.h"; sourceTree = "<group>"; fileEncoding = 4; lastKnownFileType = sourcecode.c.h; explicitFileType = undefined; includeInIndex = 0; };
		777922C659DC45078DE1C5B0 /* HCPApplicationConfigStorage.h */ = {isa = PBXFileReference; name = "HCPApplicationConfigStorage.h"; path = "cordova-hot-code-push-plugin/Storage/HCPApplicationConfigStorage.h"; sourceTree = "<group>"; fileEncoding = 4; lastKnownFileType = sourcecode.c.h; explicitFileType = undefined; includeInIndex = 0; };
		D51A747C96174557B2BB71A8 /* HCPConfigFileStorage.h */ = {isa = PBXFileReference; name = "HCPConfigFileStorage.h"; path = "cordova-hot-code-push-plugin/Storage/HCPConfigFileStorage.h"; sourceTree = "<group>"; fileEncoding = 4; lastKnownFileType = sourcecode.c.h; explicitFileType = undefined; includeInIndex = 0; };
		91DA818487434B30AF71964F /* HCPConfigStorageImpl.h */ = {isa = PBXFileReference; name = "HCPConfigStorageImpl.h"; path = "cordova-hot-code-push-plugin/Storage/HCPConfigStorageImpl.h"; sourceTree = "<group>"; fileEncoding = 4; lastKnownFileType = sourcecode.c.h; explicitFileType = undefined; includeInIndex = 0; };
		0F62BE7A6C6847F9A3D78CAB /* HCPContentManifestStorage.h */ = {isa = PBXFileReference; name = "HCPContentManifestStorage.h"; path = "cordova-hot-code-push-plugin/Storage/HCPContentManifestStorage.h"; sourceTree = "<group>"; fileEncoding = 4; lastKnownFileType = sourcecode.c.h; explicitFileType = undefined; includeInIndex = 0; };
		19883642684B49498F469676 /* HCPPluginInternalPreferences+UserDefaults.h */ = {isa = PBXFileReference; name = "HCPPluginInternalPreferences+UserDefaults.h"; path = "cordova-hot-code-push-plugin/Storage/HCPPluginInternalPreferences+UserDefaults.h"; sourceTree = "<group>"; fileEncoding = 4; lastKnownFileType = sourcecode.c.h; explicitFileType = undefined; includeInIndex = 0; };
		FAF1419094B04E6EA79421F3 /* HCPFetchUpdateOptions.h */ = {isa = PBXFileReference; name = "HCPFetchUpdateOptions.h"; path = "cordova-hot-code-push-plugin/Updater/HCPFetchUpdateOptions.h"; sourceTree = "<group>"; fileEncoding = 4; lastKnownFileType = sourcecode.c.h; explicitFileType = undefined; includeInIndex = 0; };
		39E6277F51484569A35C9364 /* HCPInstallationWorker.h */ = {isa = PBXFileReference; name = "HCPInstallationWorker.h"; path = "cordova-hot-code-push-plugin/Updater/HCPInstallationWorker.h"; sourceTree = "<group>"; fileEncoding = 4; lastKnownFileType = sourcecode.c.h; explicitFileType = undefined; includeInIndex = 0; };
		92EC31AC051F4478AFF7EE75 /* HCPUpdateInstaller.h */ = {isa = PBXFileReference; name = "HCPUpdateInstaller.h"; path = "cordova-hot-code-push-plugin/Updater/HCPUpdateInstaller.h"; sourceTree = "<group>"; fileEncoding = 4; lastKnownFileType = sourcecode.c.h; explicitFileType = undefined; includeInIndex = 0; };
		17B4AE1E7FB348A499E2F6AE /* HCPUpdateLoader.h */ = {isa = PBXFileReference; name = "HCPUpdateLoader.h"; path = "cordova-hot-code-push-plugin/Updater/HCPUpdateLoader.h"; sourceTree = "<group>"; fileEncoding = 4; lastKnownFileType = sourcecode.c.h; explicitFileType = undefined; includeInIndex = 0; };
		384EB6F50EB14D24B2DDD1BA /* HCPUpdateLoaderWorker.h */ = {isa = PBXFileReference; name = "HCPUpdateLoaderWorker.h"; path = "cordova-hot-code-push-plugin/Updater/HCPUpdateLoaderWorker.h"; sourceTree = "<group>"; fileEncoding = 4; lastKnownFileType = sourcecode.c.h; explicitFileType = undefined; includeInIndex = 0; };
		E9B2662E42944849945DBC3C /* HCPUpdateRequest.h */ = {isa = PBXFileReference; name = "HCPUpdateRequest.h"; path = "cordova-hot-code-push-plugin/Updater/HCPUpdateRequest.h"; sourceTree = "<group>"; fileEncoding = 4; lastKnownFileType = sourcecode.c.h; explicitFileType = undefined; includeInIndex = 0; };
		CA4AE83BA4394A529E1FAB16 /* HCPWorker.h */ = {isa = PBXFileReference; name = "HCPWorker.h"; path = "cordova-hot-code-push-plugin/Updater/HCPWorker.h"; sourceTree = "<group>"; fileEncoding = 4; lastKnownFileType = sourcecode.c.h; explicitFileType = undefined; includeInIndex = 0; };
		9676DEB3555A4058BF46007F /* HCPCleanupHelper.h */ = {isa = PBXFileReference; name = "HCPCleanupHelper.h"; path = "cordova-hot-code-push-plugin/Utils/HCPCleanupHelper.h"; sourceTree = "<group>"; fileEncoding = 4; lastKnownFileType = sourcecode.c.h; explicitFileType = undefined; includeInIndex = 0; };
		9695E872058F4E24815210A6 /* NSBundle+HCPExtension.h */ = {isa = PBXFileReference; name = "NSBundle+HCPExtension.h"; path = "cordova-hot-code-push-plugin/Utils/NSBundle+HCPExtension.h"; sourceTree = "<group>"; fileEncoding = 4; lastKnownFileType = sourcecode.c.h; explicitFileType = undefined; includeInIndex = 0; };
		A6BBB47B20A64DAE8E81099B /* NSData+HCPMD5.h */ = {isa = PBXFileReference; name = "NSData+HCPMD5.h"; path = "cordova-hot-code-push-plugin/Utils/NSData+HCPMD5.h"; sourceTree = "<group>"; fileEncoding = 4; lastKnownFileType = sourcecode.c.h; explicitFileType = undefined; includeInIndex = 0; };
		1A99C56A38E64267A6D2911F /* NSError+HCPExtension.h */ = {isa = PBXFileReference; name = "NSError+HCPExtension.h"; path = "cordova-hot-code-push-plugin/Utils/NSError+HCPExtension.h"; sourceTree = "<group>"; fileEncoding = 4; lastKnownFileType = sourcecode.c.h; explicitFileType = undefined; includeInIndex = 0; };
		CAF85E75F4384198BCCDAAFC /* NSFileManager+HCPExtension.h */ = {isa = PBXFileReference; name = "NSFileManager+HCPExtension.h"; path = "cordova-hot-code-push-plugin/Utils/NSFileManager+HCPExtension.h"; sourceTree = "<group>"; fileEncoding = 4; lastKnownFileType = sourcecode.c.h; explicitFileType = undefined; includeInIndex = 0; };
		DB0AA4C8AE8649C39BE48F7D /* NSJSONSerialization+HCPExtension.h */ = {isa = PBXFileReference; name = "NSJSONSerialization+HCPExtension.h"; path = "cordova-hot-code-push-plugin/Utils/NSJSONSerialization+HCPExtension.h"; sourceTree = "<group>"; fileEncoding = 4; lastKnownFileType = sourcecode.c.h; explicitFileType = undefined; includeInIndex = 0; };
		2B089393B17A48D2A33A8E60 /* HCPAppUpdateRequestAlertDialog.h */ = {isa = PBXFileReference; name = "HCPAppUpdateRequestAlertDialog.h"; path = "cordova-hot-code-push-plugin/Utils/HCPAppUpdateRequestAlertDialog.h"; sourceTree = "<group>"; fileEncoding = 4; lastKnownFileType = sourcecode.c.h; explicitFileType = undefined; includeInIndex = 0; };
		45A7CB2D299C4440ACFC7B41 /* HCPAssetsFolderHelper.h */ = {isa = PBXFileReference; name = "HCPAssetsFolderHelper.h"; path = "cordova-hot-code-push-plugin/Utils/HCPAssetsFolderHelper.h"; sourceTree = "<group>"; fileEncoding = 4; lastKnownFileType = sourcecode.c.h; explicitFileType = undefined; includeInIndex = 0; };
		7A0797FD81BF4DAA89F833D0 /* CDVWKWebViewEngine+HCPPlugin_ReadAccessURL.h */ = {isa = PBXFileReference; name = "CDVWKWebViewEngine+HCPPlugin_ReadAccessURL.h"; path = "cordova-hot-code-push-plugin/WKWebViewFix/CDVWKWebViewEngine+HCPPlugin_ReadAccessURL.h"; sourceTree = "<group>"; fileEncoding = 4; lastKnownFileType = sourcecode.c.h; explicitFileType = undefined; includeInIndex = 0; };
/* End PBXFileReference section */

/* Begin PBXFrameworksBuildPhase section */
		1D60588F0D05DD3D006BFB54 /* Frameworks */ = {
			isa = PBXFrameworksBuildPhase;
			buildActionMask = 2147483647;
			files = (
				301BF552109A68D80062928A /* libCordova.a in Frameworks */,
			);
			runOnlyForDeploymentPostprocessing = 0;
		};
/* End PBXFrameworksBuildPhase section */

/* Begin PBXGroup section */
		080E96DDFE201D6D7F000001 /* Classes */ = {
			isa = PBXGroup;
			children = (
				302D95EE14D2391D003F00A1 /* MainViewController.h */,
				302D95EF14D2391D003F00A1 /* MainViewController.m */,
				302D95F014D2391D003F00A1 /* MainViewController.xib */,
				1D3623240D0F684500981E51 /* AppDelegate.h */,
				1D3623250D0F684500981E51 /* AppDelegate.m */,
			);
			name = Classes;
			path = "ylable/Classes";
			sourceTree = SOURCE_ROOT;
		};
		19C28FACFE9D520D11CA2CBB /* Products */ = {
			isa = PBXGroup;
			children = (
				1D6058910D05DD3D006BFB54 /* ylable.app */,
			);
			name = Products;
			sourceTree = "<group>";
		};
		29B97314FDCFA39411CA2CEA /* CustomTemplate */ = {
			isa = PBXGroup;
			children = (
				EB87FDF41871DAF40020F90C /* config.xml */,
				EB87FDF31871DA8E0020F90C /* www */,
				EB87FDF11871DA420020F90C /* Staging */,
				301BF52D109A57CC0062928A /* CordovaLib.xcodeproj */,
				080E96DDFE201D6D7F000001 /* Classes */,
				307C750510C5A3420062BCA9 /* Plugins */,
				29B97315FDCFA39411CA2CEA /* Other Sources */,
				29B97317FDCFA39411CA2CEA /* Resources */,
				29B97323FDCFA39411CA2CEA /* Frameworks */,
				19C28FACFE9D520D11CA2CBB /* Products */,
			);
			name = CustomTemplate;
			sourceTree = "<group>";
		};
		29B97315FDCFA39411CA2CEA /* Other Sources */ = {
			isa = PBXGroup;
			children = (
				32CA4F630368D1EE00C91783 /* ylable-Prefix.pch */,
				29B97316FDCFA39411CA2CEA /* main.m */,
				ED33DF2A687741AEAF9F8254 /* Bridging-Header.h */,
			);
			name = "Other Sources";
			path = "ylable";
			sourceTree = "<group>";
		};
		29B97317FDCFA39411CA2CEA /* Resources */ = {
			isa = PBXGroup;
			children = (
				0207DA571B56EA530066E2B4 /* Images.xcassets */,
				3047A50E1AB8057F00498E2A /* config */,
				8D1107310486CEB800E47090 /* ylable-Info.plist */,
				6AFF5BF81D6E424B00AB3073 /* CDVLaunchScreen.storyboard */,
			);
			name = Resources;
			path = "ylable/Resources";
			sourceTree = "<group>";
		};
		29B97323FDCFA39411CA2CEA /* Frameworks */ = {
			isa = PBXGroup;
			children = (
			);
			name = Frameworks;
			sourceTree = "<group>";
		};
		301BF52E109A57CC0062928A /* Products */ = {
			isa = PBXGroup;
			children = (
				301BF535109A57CC0062928A /* libCordova.a */,
			);
			name = Products;
			sourceTree = "<group>";
		};
		3047A50E1AB8057F00498E2A /* config */ = {
			isa = PBXGroup;
			children = (
				3047A50F1AB8059700498E2A /* build-debug.xcconfig */,
				3047A5101AB8059700498E2A /* build-release.xcconfig */,
				3047A5111AB8059700498E2A /* build.xcconfig */,
			);
			name = config;
			sourceTree = "<group>";
		};
		307C750510C5A3420062BCA9 /* Plugins */ = {
			isa = PBXGroup;
			children = (
				085AC163214948A897985365 /* HCPPlugin.m */,
				4295BA9D1D214DD1864866E0 /* HCPApplicationConfig.m */,
				BA0A2AEF0EBE4512AF313D4D /* HCPContentConfig.m */,
				57FE047BDAF44B1C94709CD5 /* HCPContentManifest.m */,
				6109A09D776E407195DF2AF6 /* HCPPluginInternalPreferences.m */,
				6CF83D16FD5A49C3BFB125F9 /* HCPXmlConfig.m */,
				950B5320F97140F8A39E0786 /* HCPXmlTags.m */,
				18C26041689546488B8E910D /* HCPXmlConfigParser.m */,
				5898AA82C0B94271915915E5 /* HCPEvents.m */,
				3455AB837CB944A0AD73C588 /* CDVPluginResult+HCPEvents.m */,
				F2161CB7001446F5AB31D59E /* HCPFilesStructure.m */,
				0A8F1E54837140D48186CB2E /* HCPManifestDiff.m */,
				699B225D030047A7BFE23A30 /* HCPManifestFile.m */,
				1ADB65F72E8B458287C38F84 /* HCPFileDownloader.m */,
				A8F415CC8D634B9782FAFAEC /* HCPDataDownloader.m */,
				4C6136C09E1A495DA0887D06 /* HCPApplicationConfigStorage.m */,
				AA580A7009E54AD685DCC2F6 /* HCPConfigStorageImpl.m */,
				52371B1A20484C46BF09952D /* HCPContentManifestStorage.m */,
				8DAC86DCEA3044ACA3E4245C /* HCPPluginInternalPreferences+UserDefaults.m */,
				E3AD955925994EA0B19B9A1E /* HCPFetchUpdateOptions.m */,
				614291B08E1146A28D96A9FA /* HCPInstallationWorker.m */,
				D725FFDDE92A4468859ADE98 /* HCPUpdateInstaller.m */,
				37BA4DDC5A184A03B0E89881 /* HCPUpdateLoader.m */,
				45A706D543694C7BAD52BB05 /* HCPUpdateLoaderWorker.m */,
				8DF33CFC19964BFFB6ABD48D /* HCPUpdateRequest.m */,
				7686B2C96E524AAB9B9F0362 /* HCPCleanupHelper.m */,
				57A4FCF8ECB447D1947B1204 /* NSBundle+HCPExtension.m */,
				877D5E3A9C234EA6A80A9272 /* NSData+HCPMD5.m */,
				9B604EB22F684D7AB675CE5C /* NSError+HCPExtension.m */,
				20E7FA9F09A84FCD811CA6D7 /* NSFileManager+HCPExtension.m */,
				7A2218FDAD5D45D0B8CC5D91 /* NSJSONSerialization+HCPExtension.m */,
				F8B1A0F7F12E44078788F178 /* HCPAppUpdateRequestAlertDialog.m */,
				9B7BFAC5D2EB4614AC23AE73 /* HCPAssetsFolderHelper.m */,
				B3C1E1950FA94480895DFED0 /* CDVWKWebViewEngine+HCPPlugin_ReadAccessURL.m */,
				27F158A446B14BABB7AFAD05 /* HCPPlugin.h */,
				A814BF09CBC84F42B551A664 /* HCPApplicationConfig.h */,
				FC24CD2A9422408DA98E16DD /* HCPContentConfig.h */,
				FA6FB1A4E3F64A1DBB7499D0 /* HCPContentManifest.h */,
				C69ADD350E674C14B5BADEE2 /* HCPPluginInternalPreferences.h */,
				F3AF062EBC314B019E89CD4B /* HCPXmlConfig.h */,
				4EADCECD1BF24F30999EB1C4 /* HCPXmlTags.h */,
				4CABF67581F245EF8411CDCC /* HCPXmlConfigParser.h */,
				3474F5809815463986FF61B7 /* HCPEvents.h */,
				620BB035066D4D83B0D08327 /* CDVPluginResult+HCPEvents.h */,
				C18405CA30AA47EE8863EBC2 /* HCPFilesStructure.h */,
				0E142CBF980F4BABA437A829 /* HCPJsonConvertable.h */,
				B852C11B0FB744278E4B457F /* HCPManifestDiff.h */,
				C7962509E74E4656BFDE8EE8 /* HCPManifestFile.h */,
				5BB140383B3F4E2B8D3ABB7F /* HCPFileDownloader.h */,
				77280D8F9B1E4D45BEFBB57A /* HCPDataDownloader.h */,
				777922C659DC45078DE1C5B0 /* HCPApplicationConfigStorage.h */,
				D51A747C96174557B2BB71A8 /* HCPConfigFileStorage.h */,
				91DA818487434B30AF71964F /* HCPConfigStorageImpl.h */,
				0F62BE7A6C6847F9A3D78CAB /* HCPContentManifestStorage.h */,
				19883642684B49498F469676 /* HCPPluginInternalPreferences+UserDefaults.h */,
				FAF1419094B04E6EA79421F3 /* HCPFetchUpdateOptions.h */,
				39E6277F51484569A35C9364 /* HCPInstallationWorker.h */,
				92EC31AC051F4478AFF7EE75 /* HCPUpdateInstaller.h */,
				17B4AE1E7FB348A499E2F6AE /* HCPUpdateLoader.h */,
				384EB6F50EB14D24B2DDD1BA /* HCPUpdateLoaderWorker.h */,
				E9B2662E42944849945DBC3C /* HCPUpdateRequest.h */,
				CA4AE83BA4394A529E1FAB16 /* HCPWorker.h */,
				9676DEB3555A4058BF46007F /* HCPCleanupHelper.h */,
				9695E872058F4E24815210A6 /* NSBundle+HCPExtension.h */,
				A6BBB47B20A64DAE8E81099B /* NSData+HCPMD5.h */,
				1A99C56A38E64267A6D2911F /* NSError+HCPExtension.h */,
				CAF85E75F4384198BCCDAAFC /* NSFileManager+HCPExtension.h */,
				DB0AA4C8AE8649C39BE48F7D /* NSJSONSerialization+HCPExtension.h */,
				2B089393B17A48D2A33A8E60 /* HCPAppUpdateRequestAlertDialog.h */,
				45A7CB2D299C4440ACFC7B41 /* HCPAssetsFolderHelper.h */,
				7A0797FD81BF4DAA89F833D0 /* CDVWKWebViewEngine+HCPPlugin_ReadAccessURL.h */,
			);
			name = Plugins;
			path = "ylable/Plugins";
			sourceTree = SOURCE_ROOT;
		};
		EB87FDF11871DA420020F90C /* Staging */ = {
			isa = PBXGroup;
			children = (
				F840E1F0165FE0F500CFE078 /* config.xml */,
				301BF56E109A69640062928A /* www */,
			);
			name = Staging;
			sourceTree = "<group>";
		};
/* End PBXGroup section */

/* Begin PBXNativeTarget section */
		1D6058900D05DD3D006BFB54 /* ylable */ = {
			isa = PBXNativeTarget;
			buildConfigurationList = 1D6058960D05DD3E006BFB54 /* Build configuration list for PBXNativeTarget "ylable" */;
			buildPhases = (
				304B58A110DAC018002A0835 /* Copy www directory */,
				1D60588D0D05DD3D006BFB54 /* Resources */,
				1D60588E0D05DD3D006BFB54 /* Sources */,
				1D60588F0D05DD3D006BFB54 /* Frameworks */,
			);
			buildRules = (
			);
			dependencies = (
				301BF551109A68C00062928A /* PBXTargetDependency */,
			);
			name = "ylable";
			productName = "ylable";
			productReference = 1D6058910D05DD3D006BFB54 /* ylable.app */;
			productType = "com.apple.product-type.application";
		};
/* End PBXNativeTarget section */

/* Begin PBXProject section */
		29B97313FDCFA39411CA2CEA /* Project object */ = {
			isa = PBXProject;
			attributes = {
				LastUpgradeCheck = 510;
			};
			buildConfigurationList = C01FCF4E08A954540054247B /* Build configuration list for PBXProject "__NON-CLI__" */;
			compatibilityVersion = "Xcode 3.2";
			developmentRegion = English;
			hasScannedForEncodings = 1;
			mainGroup = 29B97314FDCFA39411CA2CEA /* CustomTemplate */;
			projectDirPath = "";
			projectReferences = (
				{
					ProductGroup = 301BF52E109A57CC0062928A /* Products */;
					ProjectRef = 301BF52D109A57CC0062928A /* CordovaLib.xcodeproj */;
				},
			);
			projectRoot = "";
			targets = (
				1D6058900D05DD3D006BFB54 /* ylable */,
			);
		};
/* End PBXProject section */

/* Begin PBXReferenceProxy section */
		301BF535109A57CC0062928A /* libCordova.a */ = {
			isa = PBXReferenceProxy;
			fileType = archive.ar;
			path = libCordova.a;
			remoteRef = 301BF534109A57CC0062928A /* PBXContainerItemProxy */;
			sourceTree = BUILT_PRODUCTS_DIR;
		};
/* End PBXReferenceProxy section */

/* Begin PBXResourcesBuildPhase section */
		1D60588D0D05DD3D006BFB54 /* Resources */ = {
			isa = PBXResourcesBuildPhase;
			buildActionMask = 2147483647;
			files = (
				302D95F214D2391D003F00A1 /* MainViewController.xib in Resources */,
				0207DA581B56EA530066E2B4 /* Images.xcassets in Resources */,
				6AFF5BF91D6E424B00AB3073 /* CDVLaunchScreen.storyboard in Resources */,
			);
			runOnlyForDeploymentPostprocessing = 0;
		};
/* End PBXResourcesBuildPhase section */

/* Begin PBXShellScriptBuildPhase section */
		304B58A110DAC018002A0835 /* Copy www directory */ = {
			isa = PBXShellScriptBuildPhase;
			buildActionMask = 2147483647;
			files = (
			);
			inputPaths = (
			);
			name = "Copy www directory";
			outputPaths = (
			);
			runOnlyForDeploymentPostprocessing = 0;
			shellPath = /bin/sh;
			shellScript = "NODEJS_PATH=/usr/local/bin; NVM_NODE_PATH=~/.nvm/versions/node/`nvm version 2>/dev/null`/bin; N_NODE_PATH=`find /usr/local/n/versions/node/* -maxdepth 0 -type d 2>/dev/null | tail -1`/bin; XCODE_NODE_PATH=`xcode-select --print-path`/usr/share/xcs/Node/bin; PATH=$NODEJS_PATH:$NVM_NODE_PATH:$N_NODE_PATH:$XCODE_NODE_PATH:$PATH && node cordova/lib/copy-www-build-step.js";
			showEnvVarsInLog = 0;
		};
/* End PBXShellScriptBuildPhase section */

/* Begin PBXSourcesBuildPhase section */
		1D60588E0D05DD3D006BFB54 /* Sources */ = {
			isa = PBXSourcesBuildPhase;
			buildActionMask = 2147483647;
			files = (
				1D60589B0D05DD56006BFB54 /* main.m in Sources */,
				1D3623260D0F684500981E51 /* AppDelegate.m in Sources */,
				302D95F114D2391D003F00A1 /* MainViewController.m in Sources */,
				C7CF1BCD54EF4146A166B2AC /* HCPPlugin.m in Sources */,
				59AF238E5FBA41FAB39E89AD /* HCPApplicationConfig.m in Sources */,
				C9F11B692F11414FB9726750 /* HCPContentConfig.m in Sources */,
				09FA327E49B946E6A17ECB25 /* HCPContentManifest.m in Sources */,
				1A4591D63C5E4D73BE82696F /* HCPPluginInternalPreferences.m in Sources */,
				58A6305A3C8E4541A6942E93 /* HCPXmlConfig.m in Sources */,
				D3C7A008890749B1A9D07C64 /* HCPXmlTags.m in Sources */,
				9FD9849D000740E99D831EC1 /* HCPXmlConfigParser.m in Sources */,
				3532B15170414EC5A9E379D0 /* HCPEvents.m in Sources */,
				78B49E5B79BD42DBB73E7F85 /* CDVPluginResult+HCPEvents.m in Sources */,
				B7CA024B7A1C483EB90ACC8E /* HCPFilesStructure.m in Sources */,
				92551E865BE847E08C447653 /* HCPManifestDiff.m in Sources */,
				11A2385CF61E4376B7408776 /* HCPManifestFile.m in Sources */,
				26B2ADC8592248A287FF3448 /* HCPFileDownloader.m in Sources */,
				FF2397FA46A24C49A6FB7F2E /* HCPDataDownloader.m in Sources */,
				0BE323A81F4D44F7ABDEB8F4 /* HCPApplicationConfigStorage.m in Sources */,
				BA044160992D42CC8DDB09F5 /* HCPConfigStorageImpl.m in Sources */,
				54D974C93CD940C1A5116A75 /* HCPContentManifestStorage.m in Sources */,
				6A1D5FF9E227403F849C35C9 /* HCPPluginInternalPreferences+UserDefaults.m in Sources */,
				A81464973E3E41CA8F7C1783 /* HCPFetchUpdateOptions.m in Sources */,
				C7AA348B55FB4B5EA257237C /* HCPInstallationWorker.m in Sources */,
				C347C7B609704088AED3FE80 /* HCPUpdateInstaller.m in Sources */,
				19B51D47733245E9B2E8F64A /* HCPUpdateLoader.m in Sources */,
				01C1F676A94A433994E16F3A /* HCPUpdateLoaderWorker.m in Sources */,
				93999B6C539A4EB49A6CC06F /* HCPUpdateRequest.m in Sources */,
				3D9322B1BBCC4A70B81EDA9B /* HCPCleanupHelper.m in Sources */,
				04D5BB61BAB6411ABA87A360 /* NSBundle+HCPExtension.m in Sources */,
				AF5751BFE420491982E5E2CF /* NSData+HCPMD5.m in Sources */,
				E0D94CD52A1F4E08A6AAB525 /* NSError+HCPExtension.m in Sources */,
				E32AF640170848A9A39174C1 /* NSFileManager+HCPExtension.m in Sources */,
				11C872328F9147B9983DCDAD /* NSJSONSerialization+HCPExtension.m in Sources */,
				DE993E3029B143BCBB24311A /* HCPAppUpdateRequestAlertDialog.m in Sources */,
				38192FB5C355414DA84D3B15 /* HCPAssetsFolderHelper.m in Sources */,
				7708E13422E1414284BABC14 /* CDVWKWebViewEngine+HCPPlugin_ReadAccessURL.m in Sources */,
			);
			runOnlyForDeploymentPostprocessing = 0;
		};
/* End PBXSourcesBuildPhase section */

/* Begin PBXTargetDependency section */
		301BF551109A68C00062928A /* PBXTargetDependency */ = {
			isa = PBXTargetDependency;
			name = CordovaLib;
			targetProxy = 301BF550109A68C00062928A /* PBXContainerItemProxy */;
		};
/* End PBXTargetDependency section */

/* Begin XCBuildConfiguration section */
		1D6058940D05DD3E006BFB54 /* Debug */ = {
			isa = XCBuildConfiguration;
			baseConfigurationReference = 3047A50F1AB8059700498E2A /* build-debug.xcconfig */;
			buildSettings = {
				ALWAYS_SEARCH_USER_PATHS = NO;
				ASSETCATALOG_COMPILER_APPICON_NAME = AppIcon;
				ASSETCATALOG_COMPILER_LAUNCHIMAGE_NAME = LaunchImage;
				CLANG_ENABLE_MODULES = YES;
				CLANG_ENABLE_OBJC_ARC = YES;
				COPY_PHASE_STRIP = NO;
				GCC_DYNAMIC_NO_PIC = NO;
				GCC_OPTIMIZATION_LEVEL = 0;
				GCC_PRECOMPILE_PREFIX_HEADER = YES;
				GCC_PREFIX_HEADER = "ylable/ylable-Prefix.pch";
				GCC_THUMB_SUPPORT = NO;
				GCC_VERSION = "";
				INFOPLIST_FILE = "ylable/ylable-Info.plist";
				IPHONEOS_DEPLOYMENT_TARGET = 9.0;
				LD_RUNPATH_SEARCH_PATHS = "@executable_path/Frameworks";
				TARGETED_DEVICE_FAMILY = "1,2";
				PRODUCT_NAME = "ylable";
			};
			name = Debug;
		};
		1D6058950D05DD3E006BFB54 /* Release */ = {
			isa = XCBuildConfiguration;
			baseConfigurationReference = 3047A5101AB8059700498E2A /* build-release.xcconfig */;
			buildSettings = {
				ALWAYS_SEARCH_USER_PATHS = NO;
				ASSETCATALOG_COMPILER_APPICON_NAME = AppIcon;
				ASSETCATALOG_COMPILER_LAUNCHIMAGE_NAME = LaunchImage;
				CLANG_ENABLE_MODULES = YES;
				CLANG_ENABLE_OBJC_ARC = YES;
				COPY_PHASE_STRIP = YES;
				GCC_PRECOMPILE_PREFIX_HEADER = YES;
				GCC_PREFIX_HEADER = "ylable/ylable-Prefix.pch";
				GCC_THUMB_SUPPORT = NO;
				GCC_VERSION = "";
				INFOPLIST_FILE = "ylable/ylable-Info.plist";
				IPHONEOS_DEPLOYMENT_TARGET = 9.0;
				LD_RUNPATH_SEARCH_PATHS = "@executable_path/Frameworks";
				TARGETED_DEVICE_FAMILY = "1,2";
				PRODUCT_NAME = "ylable";
			};
			name = Release;
		};
		C01FCF4F08A954540054247B /* Debug */ = {
			isa = XCBuildConfiguration;
			baseConfigurationReference = 3047A5111AB8059700498E2A /* build.xcconfig */;
			buildSettings = {
				CLANG_ENABLE_MODULES = YES;
				CLANG_ENABLE_OBJC_ARC = YES;
				CLANG_WARN_BOOL_CONVERSION = YES;
				CLANG_WARN_CONSTANT_CONVERSION = YES;
				CLANG_WARN_EMPTY_BODY = YES;
				CLANG_WARN_ENUM_CONVERSION = YES;
				CLANG_WARN_INT_CONVERSION = YES;
				CLANG_WARN__DUPLICATE_METHOD_MATCH = YES;
				GCC_C_LANGUAGE_STANDARD = c99;
				GCC_THUMB_SUPPORT = NO;
				GCC_VERSION = "";
				GCC_WARN_ABOUT_RETURN_TYPE = YES;
				GCC_WARN_UNDECLARED_SELECTOR = YES;
				GCC_WARN_UNINITIALIZED_AUTOS = YES;
				GCC_WARN_UNUSED_FUNCTION = YES;
				GCC_WARN_UNUSED_VARIABLE = YES;
				ONLY_ACTIVE_ARCH = YES;
				SDKROOT = iphoneos;
				SKIP_INSTALL = NO;
			};
			name = Debug;
		};
		C01FCF5008A954540054247B /* Release */ = {
			isa = XCBuildConfiguration;
			baseConfigurationReference = 3047A5111AB8059700498E2A /* build.xcconfig */;
			buildSettings = {
				CLANG_ENABLE_MODULES = YES;
				CLANG_ENABLE_OBJC_ARC = YES;
				CLANG_WARN_BOOL_CONVERSION = YES;
				CLANG_WARN_CONSTANT_CONVERSION = YES;
				CLANG_WARN_EMPTY_BODY = YES;
				CLANG_WARN_ENUM_CONVERSION = YES;
				CLANG_WARN_INT_CONVERSION = YES;
				CLANG_WARN__DUPLICATE_METHOD_MATCH = YES;
				GCC_C_LANGUAGE_STANDARD = c99;
				GCC_THUMB_SUPPORT = NO;
				GCC_VERSION = "";
				GCC_WARN_ABOUT_RETURN_TYPE = YES;
				GCC_WARN_UNDECLARED_SELECTOR = YES;
				GCC_WARN_UNINITIALIZED_AUTOS = YES;
				GCC_WARN_UNUSED_FUNCTION = YES;
				GCC_WARN_UNUSED_VARIABLE = YES;
				SDKROOT = iphoneos;
				SKIP_INSTALL = NO;
			};
			name = Release;
		};
/* End XCBuildConfiguration section */

/* Begin XCConfigurationList section */
		1D6058960D05DD3E006BFB54 /* Build configuration list for PBXNativeTarget "ylable" */ = {
			isa = XCConfigurationList;
			buildConfigurations = (
				1D6058940D05DD3E006BFB54 /* Debug */,
				1D6058950D05DD3E006BFB54 /* Release */,
			);
			defaultConfigurationIsVisible = 0;
			defaultConfigurationName = Release;
		};
		C01FCF4E08A954540054247B /* Build configuration list for PBXProject "__NON-CLI__" */ = {
			isa = XCConfigurationList;
			buildConfigurations = (
				C01FCF4F08A954540054247B /* Debug */,
				C01FCF5008A954540054247B /* Release */,
			);
			defaultConfigurationIsVisible = 0;
			defaultConfigurationName = Release;
		};
/* End XCConfigurationList section */
	};
	rootObject = 29B97313FDCFA39411CA2CEA /* Project object */;
}
